
Microsoft Visual Studio Solution File, Format Version 12.00
# Visual Studio Version 16
VisualStudioVersion = 16.0.28407.52
MinimumVisualStudioVersion = 10.0.40219.1
Project("{FAE04EC0-301F-11D3-BF4B-00C04F79EFBC}") = "XamarinSQLite.UWP", "XamarinSQLite\XamarinSQLite.UWP\XamarinSQLite.UWP.csproj", "{9F7D61D4-5845-46EE-9D60-17A054D499FB}"
EndProject
Project("{FAE04EC0-301F-11D3-BF4B-00C04F79EFBC}") = "XamarinSQLite.Android", "XamarinSQLite\XamarinSQLite.Android\XamarinSQLite.Android.csproj", "{DE01F536-186B-410D-8E2F-4658EAAAEC6F}"
EndProject
Project("{FAE04EC0-301F-11D3-BF4B-00C04F79EFBC}") = "XamarinSQLite.iOS", "XamarinSQLite\XamarinSQLite.iOS\XamarinSQLite.iOS.csproj", "{7344736B-4380-442E-AA8F-A295780302BC}"
EndProject
Project("{FAE04EC0-301F-11D3-BF4B-00C04F79EFBC}") = "XamarinSQLite", "XamarinSQLite\XamarinSQLite\XamarinSQLite.csproj", "{FAA72796-1E79-40C5-852B-EA66AC5657DB}"
EndProject
Global
	GlobalSection(SolutionConfigurationPlatforms) = preSolution
		Ad-Hoc|Any CPU = Ad-Hoc|Any CPU
		Ad-Hoc|ARM = Ad-Hoc|ARM
		Ad-Hoc|iPhone = Ad-Hoc|iPhone
		Ad-Hoc|iPhoneSimulator = Ad-Hoc|iPhoneSimulator
		Ad-Hoc|x64 = Ad-Hoc|x64
		Ad-Hoc|x86 = Ad-Hoc|x86
		AppStore|Any CPU = AppStore|Any CPU
		AppStore|ARM = AppStore|ARM
		AppStore|iPhone = AppStore|iPhone
		AppStore|iPhoneSimulator = AppStore|iPhoneSimulator
		AppStore|x64 = AppStore|x64
		AppStore|x86 = AppStore|x86
		Debug|Any CPU = Debug|Any CPU
		Debug|ARM = Debug|ARM
		Debug|iPhone = Debug|iPhone
		Debug|iPhoneSimulator = Debug|iPhoneSimulator
		Debug|x64 = Debug|x64
		Debug|x86 = Debug|x86
		Release|Any CPU = Release|Any CPU
		Release|ARM = Release|ARM
		Release|iPhone = Release|iPhone
		Release|iPhoneSimulator = Release|iPhoneSimulator
		Release|x64 = Release|x64
		Release|x86 = Release|x86
	EndGlobalSection
	GlobalSection(ProjectConfigurationPlatforms) = postSolution
		{9F7D61D4-5845-46EE-9D60-17A054D499FB}.Ad-Hoc|Any CPU.ActiveCfg = Release|x86
		{9F7D61D4-5845-46EE-9D60-17A054D499FB}.Ad-Hoc|Any CPU.Build.0 = Release|x86
		{9F7D61D4-5845-46EE-9D60-17A054D499FB}.Ad-Hoc|Any CPU.Deploy.0 = Release|x86
		{9F7D61D4-5845-46EE-9D60-17A054D499FB}.Ad-Hoc|ARM.ActiveCfg = Release|ARM
		{9F7D61D4-5845-46EE-9D60-17A054D499FB}.Ad-Hoc|ARM.Build.0 = Release|ARM
		{9F7D61D4-5845-46EE-9D60-17A054D499FB}.Ad-Hoc|ARM.Deploy.0 = Release|ARM
		{9F7D61D4-5845-46EE-9D60-17A054D499FB}.Ad-Hoc|iPhone.ActiveCfg = Release|x86
		{9F7D61D4-5845-46EE-9D60-17A054D499FB}.Ad-Hoc|iPhone.Build.0 = Release|x86
		{9F7D61D4-5845-46EE-9D60-17A054D499FB}.Ad-Hoc|iPhone.Deploy.0 = Release|x86
		{9F7D61D4-5845-46EE-9D60-17A054D499FB}.Ad-Hoc|iPhoneSimulator.ActiveCfg = Release|x86
		{9F7D61D4-5845-46EE-9D60-17A054D499FB}.Ad-Hoc|iPhoneSimulator.Build.0 = Release|x86
		{9F7D61D4-5845-46EE-9D60-17A054D499FB}.Ad-Hoc|iPhoneSimulator.Deploy.0 = Release|x86
		{9F7D61D4-5845-46EE-9D60-17A054D499FB}.Ad-Hoc|x64.ActiveCfg = Release|x64
		{9F7D61D4-5845-46EE-9D60-17A054D499FB}.Ad-Hoc|x64.Build.0 = Release|x64
		{9F7D61D4-5845-46EE-9D60-17A054D499FB}.Ad-Hoc|x64.Deploy.0 = Release|x64
		{9F7D61D4-5845-46EE-9D60-17A054D499FB}.Ad-Hoc|x86.ActiveCfg = Release|x86
		{9F7D61D4-5845-46EE-9D60-17A054D499FB}.Ad-Hoc|x86.Build.0 = Release|x86
		{9F7D61D4-5845-46EE-9D60-17A054D499FB}.Ad-Hoc|x86.Deploy.0 = Release|x86
		{9F7D61D4-5845-46EE-9D60-17A054D499FB}.AppStore|Any CPU.ActiveCfg = Release|x86
		{9F7D61D4-5845-46EE-9D60-17A054D499FB}.AppStore|Any CPU.Build.0 = Release|x86
		{9F7D61D4-5845-46EE-9D60-17A054D499FB}.AppStore|Any CPU.Deploy.0 = Release|x86
		{9F7D61D4-5845-46EE-9D60-17A054D499FB}.AppStore|ARM.ActiveCfg = Release|ARM
		{9F7D61D4-5845-46EE-9D60-17A054D499FB}.AppStore|ARM.Build.0 = Release|ARM
		{9F7D61D4-5845-46EE-9D60-17A054D499FB}.AppStore|ARM.Deploy.0 = Release|ARM
		{9F7D61D4-5845-46EE-9D60-17A054D499FB}.AppStore|iPhone.ActiveCfg = Release|x86
		{9F7D61D4-5845-46EE-9D60-17A054D499FB}.AppStore|iPhone.Build.0 = Release|x86
		{9F7D61D4-5845-46EE-9D60-17A054D499FB}.AppStore|iPhone.Deploy.0 = Release|x86
		{9F7D61D4-5845-46EE-9D60-17A054D499FB}.AppStore|iPhoneSimulator.ActiveCfg = Release|x86
		{9F7D61D4-5845-46EE-9D60-17A054D499FB}.AppStore|iPhoneSimulator.Build.0 = Release|x86
		{9F7D61D4-5845-46EE-9D60-17A054D499FB}.AppStore|iPhoneSimulator.Deploy.0 = Release|x86
		{9F7D61D4-5845-46EE-9D60-17A054D499FB}.AppStore|x64.ActiveCfg = Release|x64
		{9F7D61D4-5845-46EE-9D60-17A054D499FB}.AppStore|x64.Build.0 = Release|x64
		{9F7D61D4-5845-46EE-9D60-17A054D499FB}.AppStore|x64.Deploy.0 = Release|x64
		{9F7D61D4-5845-46EE-9D60-17A054D499FB}.AppStore|x86.ActiveCfg = Release|x86
		{9F7D61D4-5845-46EE-9D60-17A054D499FB}.AppStore|x86.Build.0 = Release|x86
		{9F7D61D4-5845-46EE-9D60-17A054D499FB}.AppStore|x86.Deploy.0 = Release|x86
		{9F7D61D4-5845-46EE-9D60-17A054D499FB}.Debug|Any CPU.ActiveCfg = Debug|x86
		{9F7D61D4-5845-46EE-9D60-17A054D499FB}.Debug|Any CPU.Build.0 = Debug|x86
		{9F7D61D4-5845-46EE-9D60-17A054D499FB}.Debug|Any CPU.Deploy.0 = Debug|x86
		{9F7D61D4-5845-46EE-9D60-17A054D499FB}.Debug|ARM.ActiveCfg = Debug|ARM
		{9F7D61D4-5845-46EE-9D60-17A054D499FB}.Debug|ARM.Build.0 = Debug|ARM
		{9F7D61D4-5845-46EE-9D60-17A054D499FB}.Debug|ARM.Deploy.0 = Debug|ARM
		{9F7D61D4-5845-46EE-9D60-17A054D499FB}.Debug|iPhone.ActiveCfg = Debug|x86
		{9F7D61D4-5845-46EE-9D60-17A054D499FB}.Debug|iPhone.Build.0 = Debug|x86
		{9F7D61D4-5845-46EE-9D60-17A054D499FB}.Debug|iPhone.Deploy.0 = Debug|x86
		{9F7D61D4-5845-46EE-9D60-17A054D499FB}.Debug|iPhoneSimulator.ActiveCfg = Debug|x86
		{9F7D61D4-5845-46EE-9D60-17A054D499FB}.Debug|iPhoneSimulator.Build.0 = Debug|x86
		{9F7D61D4-5845-46EE-9D60-17A054D499FB}.Debug|iPhoneSimulator.Deploy.0 = Debug|x86
		{9F7D61D4-5845-46EE-9D60-17A054D499FB}.Debug|x64.ActiveCfg = Debug|x64
		{9F7D61D4-5845-46EE-9D60-17A054D499FB}.Debug|x64.Build.0 = Debug|x64
		{9F7D61D4-5845-46EE-9D60-17A054D499FB}.Debug|x64.Deploy.0 = Debug|x64
		{9F7D61D4-5845-46EE-9D60-17A054D499FB}.Debug|x86.ActiveCfg = Debug|x86
		{9F7D61D4-5845-46EE-9D60-17A054D499FB}.Debug|x86.Build.0 = Debug|x86
		{9F7D61D4-5845-46EE-9D60-17A054D499FB}.Debug|x86.Deploy.0 = Debug|x86
		{9F7D61D4-5845-46EE-9D60-17A054D499FB}.Release|Any CPU.ActiveCfg = Release|x86
		{9F7D61D4-5845-46EE-9D60-17A054D499FB}.Release|Any CPU.Build.0 = Release|x86
		{9F7D61D4-5845-46EE-9D60-17A054D499FB}.Release|Any CPU.Deploy.0 = Release|x86
		{9F7D61D4-5845-46EE-9D60-17A054D499FB}.Release|ARM.ActiveCfg = Release|ARM
		{9F7D61D4-5845-46EE-9D60-17A054D499FB}.Release|ARM.Build.0 = Release|ARM
		{9F7D61D4-5845-46EE-9D60-17A054D499FB}.Release|ARM.Deploy.0 = Release|ARM
		{9F7D61D4-5845-46EE-9D60-17A054D499FB}.Release|iPhone.ActiveCfg = Release|x86
		{9F7D61D4-5845-46EE-9D60-17A054D499FB}.Release|iPhone.Build.0 = Release|x86
		{9F7D61D4-5845-46EE-9D60-17A054D499FB}.Release|iPhone.Deploy.0 = Release|x86
		{9F7D61D4-5845-46EE-9D60-17A054D499FB}.Release|iPhoneSimulator.ActiveCfg = Release|x86
		{9F7D61D4-5845-46EE-9D60-17A054D499FB}.Release|iPhoneSimulator.Build.0 = Release|x86
		{9F7D61D4-5845-46EE-9D60-17A054D499FB}.Release|iPhoneSimulator.Deploy.0 = Release|x86
		{9F7D61D4-5845-46EE-9D60-17A054D499FB}.Release|x64.ActiveCfg = Release|x64
		{9F7D61D4-5845-46EE-9D60-17A054D499FB}.Release|x64.Build.0 = Release|x64
		{9F7D61D4-5845-46EE-9D60-17A054D499FB}.Release|x64.Deploy.0 = Release|x64
		{9F7D61D4-5845-46EE-9D60-17A054D499FB}.Release|x86.ActiveCfg = Release|x86
		{9F7D61D4-5845-46EE-9D60-17A054D499FB}.Release|x86.Build.0 = Release|x86
		{9F7D61D4-5845-46EE-9D60-17A054D499FB}.Release|x86.Deploy.0 = Release|x86
		{DE01F536-186B-410D-8E2F-4658EAAAEC6F}.Ad-Hoc|Any CPU.ActiveCfg = Release|Any CPU
		{DE01F536-186B-410D-8E2F-4658EAAAEC6F}.Ad-Hoc|Any CPU.Build.0 = Release|Any CPU
		{DE01F536-186B-410D-8E2F-4658EAAAEC6F}.Ad-Hoc|Any CPU.Deploy.0 = Release|Any CPU
		{DE01F536-186B-410D-8E2F-4658EAAAEC6F}.Ad-Hoc|ARM.ActiveCfg = Release|Any CPU
		{DE01F536-186B-410D-8E2F-4658EAAAEC6F}.Ad-Hoc|ARM.Build.0 = Release|Any CPU
		{DE01F536-186B-410D-8E2F-4658EAAAEC6F}.Ad-Hoc|ARM.Deploy.0 = Release|Any CPU
		{DE01F536-186B-410D-8E2F-4658EAAAEC6F}.Ad-Hoc|iPhone.ActiveCfg = Release|Any CPU
		{DE01F536-186B-410D-8E2F-4658EAAAEC6F}.Ad-Hoc|iPhone.Build.0 = Release|Any CPU
		{DE01F536-186B-410D-8E2F-4658EAAAEC6F}.Ad-Hoc|iPhone.Deploy.0 = Release|Any CPU
		{DE01F536-186B-410D-8E2F-4658EAAAEC6F}.Ad-Hoc|iPhoneSimulator.ActiveCfg = Release|Any CPU
		{DE01F536-186B-410D-8E2F-4658EAAAEC6F}.Ad-Hoc|iPhoneSimulator.Build.0 = Release|Any CPU
		{DE01F536-186B-410D-8E2F-4658EAAAEC6F}.Ad-Hoc|iPhoneSimulator.Deploy.0 = Release|Any CPU
		{DE01F536-186B-410D-8E2F-4658EAAAEC6F}.Ad-Hoc|x64.ActiveCfg = Release|Any CPU
		{DE01F536-186B-410D-8E2F-4658EAAAEC6F}.Ad-Hoc|x64.Build.0 = Release|Any CPU
		{DE01F536-186B-410D-8E2F-4658EAAAEC6F}.Ad-Hoc|x64.Deploy.0 = Release|Any CPU
		{DE01F536-186B-410D-8E2F-4658EAAAEC6F}.Ad-Hoc|x86.ActiveCfg = Release|Any CPU
		{DE01F536-186B-410D-8E2F-4658EAAAEC6F}.Ad-Hoc|x86.Build.0 = Release|Any CPU
		{DE01F536-186B-410D-8E2F-4658EAAAEC6F}.Ad-Hoc|x86.Deploy.0 = Release|Any CPU
		{DE01F536-186B-410D-8E2F-4658EAAAEC6F}.AppStore|Any CPU.ActiveCfg = Release|Any CPU
		{DE01F536-186B-410D-8E2F-4658EAAAEC6F}.AppStore|Any CPU.Build.0 = Release|Any CPU
		{DE01F536-186B-410D-8E2F-4658EAAAEC6F}.AppStore|Any CPU.Deploy.0 = Release|Any CPU
		{DE01F536-186B-410D-8E2F-4658EAAAEC6F}.AppStore|ARM.ActiveCfg = Release|Any CPU
		{DE01F536-186B-410D-8E2F-4658EAAAEC6F}.AppStore|ARM.Build.0 = Release|Any CPU
		{DE01F536-186B-410D-8E2F-4658EAAAEC6F}.AppStore|ARM.Deploy.0 = Release|Any CPU
		{DE01F536-186B-410D-8E2F-4658EAAAEC6F}.AppStore|iPhone.ActiveCfg = Release|Any CPU
		{DE01F536-186B-410D-8E2F-4658EAAAEC6F}.AppStore|iPhone.Build.0 = Release|Any CPU
		{DE01F536-186B-410D-8E2F-4658EAAAEC6F}.AppStore|iPhone.Deploy.0 = Release|Any CPU
		{DE01F536-186B-410D-8E2F-4658EAAAEC6F}.AppStore|iPhoneSimulator.ActiveCfg = Release|Any CPU
		{DE01F536-186B-410D-8E2F-4658EAAAEC6F}.AppStore|iPhoneSimulator.Build.0 = Release|Any CPU
		{DE01F536-186B-410D-8E2F-4658EAAAEC6F}.AppStore|iPhoneSimulator.Deploy.0 = Release|Any CPU
		{DE01F536-186B-410D-8E2F-4658EAAAEC6F}.AppStore|x64.ActiveCfg = Release|Any CPU
		{DE01F536-186B-410D-8E2F-4658EAAAEC6F}.AppStore|x64.Build.0 = Release|Any CPU
		{DE01F536-186B-410D-8E2F-4658EAAAEC6F}.AppStore|x64.Deploy.0 = Release|Any CPU
		{DE01F536-186B-410D-8E2F-4658EAAAEC6F}.AppStore|x86.ActiveCfg = Release|Any CPU
		{DE01F536-186B-410D-8E2F-4658EAAAEC6F}.AppStore|x86.Build.0 = Release|Any CPU
		{DE01F536-186B-410D-8E2F-4658EAAAEC6F}.AppStore|x86.Deploy.0 = Release|Any CPU
		{DE01F536-186B-410D-8E2F-4658EAAAEC6F}.Debug|Any CPU.ActiveCfg = Debug|Any CPU
		{DE01F536-186B-410D-8E2F-4658EAAAEC6F}.Debug|Any CPU.Build.0 = Debug|Any CPU
		{DE01F536-186B-410D-8E2F-4658EAAAEC6F}.Debug|Any CPU.Deploy.0 = Debug|Any CPU
		{DE01F536-186B-410D-8E2F-4658EAAAEC6F}.Debug|ARM.ActiveCfg = Debug|Any CPU
		{DE01F536-186B-410D-8E2F-4658EAAAEC6F}.Debug|ARM.Build.0 = Debug|Any CPU
		{DE01F536-186B-410D-8E2F-4658EAAAEC6F}.Debug|ARM.Deploy.0 = Debug|Any CPU
		{DE01F536-186B-410D-8E2F-4658EAAAEC6F}.Debug|iPhone.ActiveCfg = Debug|Any CPU
		{DE01F536-186B-410D-8E2F-4658EAAAEC6F}.Debug|iPhone.Build.0 = Debug|Any CPU
		{DE01F536-186B-410D-8E2F-4658EAAAEC6F}.Debug|iPhone.Deploy.0 = Debug|Any CPU
		{DE01F536-186B-410D-8E2F-4658EAAAEC6F}.Debug|iPhoneSimulator.ActiveCfg = Debug|Any CPU
		{DE01F536-186B-410D-8E2F-4658EAAAEC6F}.Debug|iPhoneSimulator.Build.0 = Debug|Any CPU
		{DE01F536-186B-410D-8E2F-4658EAAAEC6F}.Debug|iPhoneSimulator.Deploy.0 = Debug|Any CPU
		{DE01F536-186B-410D-8E2F-4658EAAAEC6F}.Debug|x64.ActiveCfg = Debug|Any CPU
		{DE01F536-186B-410D-8E2F-4658EAAAEC6F}.Debug|x64.Build.0 = Debug|Any CPU
		{DE01F536-186B-410D-8E2F-4658EAAAEC6F}.Debug|x64.Deploy.0 = Debug|Any CPU
		{DE01F536-186B-410D-8E2F-4658EAAAEC6F}.Debug|x86.ActiveCfg = Debug|Any CPU
		{DE01F536-186B-410D-8E2F-4658EAAAEC6F}.Debug|x86.Build.0 = Debug|Any CPU
		{DE01F536-186B-410D-8E2F-4658EAAAEC6F}.Debug|x86.Deploy.0 = Debug|Any CPU
		{DE01F536-186B-410D-8E2F-4658EAAAEC6F}.Release|Any CPU.ActiveCfg = Release|Any CPU
		{DE01F536-186B-410D-8E2F-4658EAAAEC6F}.Release|Any CPU.Build.0 = Release|Any CPU
		{DE01F536-186B-410D-8E2F-4658EAAAEC6F}.Release|Any CPU.Deploy.0 = Release|Any CPU
		{DE01F536-186B-410D-8E2F-4658EAAAEC6F}.Release|ARM.ActiveCfg = Release|Any CPU
		{DE01F536-186B-410D-8E2F-4658EAAAEC6F}.Release|ARM.Build.0 = Release|Any CPU
		{DE01F536-186B-410D-8E2F-4658EAAAEC6F}.Release|ARM.Deploy.0 = Release|Any CPU
		{DE01F536-186B-410D-8E2F-4658EAAAEC6F}.Release|iPhone.ActiveCfg = Release|Any CPU
		{DE01F536-186B-410D-8E2F-4658EAAAEC6F}.Release|iPhone.Build.0 = Release|Any CPU
		{DE01F536-186B-410D-8E2F-4658EAAAEC6F}.Release|iPhone.Deploy.0 = Release|Any CPU
		{DE01F536-186B-410D-8E2F-4658EAAAEC6F}.Release|iPhoneSimulator.ActiveCfg = Release|Any CPU
		{DE01F536-186B-410D-8E2F-4658EAAAEC6F}.Release|iPhoneSimulator.Build.0 = Release|Any CPU
		{DE01F536-186B-410D-8E2F-4658EAAAEC6F}.Release|iPhoneSimulator.Deploy.0 = Release|Any CPU
		{DE01F536-186B-410D-8E2F-4658EAAAEC6F}.Release|x64.ActiveCfg = Release|Any CPU
		{DE01F536-186B-410D-8E2F-4658EAAAEC6F}.Release|x64.Build.0 = Release|Any CPU
		{DE01F536-186B-410D-8E2F-4658EAAAEC6F}.Release|x64.Deploy.0 = Release|Any CPU
		{DE01F536-186B-410D-8E2F-4658EAAAEC6F}.Release|x86.ActiveCfg = Release|Any CPU
		{DE01F536-186B-410D-8E2F-4658EAAAEC6F}.Release|x86.Build.0 = Release|Any CPU
		{DE01F536-186B-410D-8E2F-4658EAAAEC6F}.Release|x86.Deploy.0 = Release|Any CPU
		{7344736B-4380-442E-AA8F-A295780302BC}.Ad-Hoc|Any CPU.ActiveCfg = Ad-Hoc|iPhone
		{7344736B-4380-442E-AA8F-A295780302BC}.Ad-Hoc|Any CPU.Build.0 = Ad-Hoc|iPhone
		{7344736B-4380-442E-AA8F-A295780302BC}.Ad-Hoc|Any CPU.Deploy.0 = Ad-Hoc|iPhone
		{7344736B-4380-442E-AA8F-A295780302BC}.Ad-Hoc|ARM.ActiveCfg = Ad-Hoc|iPhone
		{7344736B-4380-442E-AA8F-A295780302BC}.Ad-Hoc|ARM.Build.0 = Ad-Hoc|iPhone
		{7344736B-4380-442E-AA8F-A295780302BC}.Ad-Hoc|ARM.Deploy.0 = Ad-Hoc|iPhone
		{7344736B-4380-442E-AA8F-A295780302BC}.Ad-Hoc|iPhone.ActiveCfg = Ad-Hoc|iPhone
		{7344736B-4380-442E-AA8F-A295780302BC}.Ad-Hoc|iPhone.Build.0 = Ad-Hoc|iPhone
		{7344736B-4380-442E-AA8F-A295780302BC}.Ad-Hoc|iPhone.Deploy.0 = Ad-Hoc|iPhone
		{7344736B-4380-442E-AA8F-A295780302BC}.Ad-Hoc|iPhoneSimulator.ActiveCfg = Ad-Hoc|iPhoneSimulator
		{7344736B-4380-442E-AA8F-A295780302BC}.Ad-Hoc|iPhoneSimulator.Build.0 = Ad-Hoc|iPhoneSimulator
		{7344736B-4380-442E-AA8F-A295780302BC}.Ad-Hoc|iPhoneSimulator.Deploy.0 = Ad-Hoc|iPhoneSimulator
		{7344736B-4380-442E-AA8F-A295780302BC}.Ad-Hoc|x64.ActiveCfg = Ad-Hoc|iPhone
		{7344736B-4380-442E-AA8F-A295780302BC}.Ad-Hoc|x64.Build.0 = Ad-Hoc|iPhone
		{7344736B-4380-442E-AA8F-A295780302BC}.Ad-Hoc|x64.Deploy.0 = Ad-Hoc|iPhone
		{7344736B-4380-442E-AA8F-A295780302BC}.Ad-Hoc|x86.ActiveCfg = Ad-Hoc|iPhone
		{7344736B-4380-442E-AA8F-A295780302BC}.Ad-Hoc|x86.Build.0 = Ad-Hoc|iPhone
		{7344736B-4380-442E-AA8F-A295780302BC}.Ad-Hoc|x86.Deploy.0 = Ad-Hoc|iPhone
		{7344736B-4380-442E-AA8F-A295780302BC}.AppStore|Any CPU.ActiveCfg = AppStore|iPhone
		{7344736B-4380-442E-AA8F-A295780302BC}.AppStore|Any CPU.Build.0 = AppStore|iPhone
		{7344736B-4380-442E-AA8F-A295780302BC}.AppStore|Any CPU.Deploy.0 = AppStore|iPhone
		{7344736B-4380-442E-AA8F-A295780302BC}.AppStore|ARM.ActiveCfg = AppStore|iPhone
		{7344736B-4380-442E-AA8F-A295780302BC}.AppStore|ARM.Build.0 = AppStore|iPhone
		{7344736B-4380-442E-AA8F-A295780302BC}.AppStore|ARM.Deploy.0 = AppStore|iPhone
		{7344736B-4380-442E-AA8F-A295780302BC}.AppStore|iPhone.ActiveCfg = AppStore|iPhone
		{7344736B-4380-442E-AA8F-A295780302BC}.AppStore|iPhone.Build.0 = AppStore|iPhone
		{7344736B-4380-442E-AA8F-A295780302BC}.AppStore|iPhone.Deploy.0 = AppStore|iPhone
		{7344736B-4380-442E-AA8F-A295780302BC}.AppStore|iPhoneSimulator.ActiveCfg = AppStore|iPhoneSimulator
		{7344736B-4380-442E-AA8F-A295780302BC}.AppStore|iPhoneSimulator.Build.0 = AppStore|iPhoneSimulator
		{7344736B-4380-442E-AA8F-A295780302BC}.AppStore|iPhoneSimulator.Deploy.0 = AppStore|iPhoneSimulator
		{7344736B-4380-442E-AA8F-A295780302BC}.AppStore|x64.ActiveCfg = AppStore|iPhone
		{7344736B-4380-442E-AA8F-A295780302BC}.AppStore|x64.Build.0 = AppStore|iPhone
		{7344736B-4380-442E-AA8F-A295780302BC}.AppStore|x64.Deploy.0 = AppStore|iPhone
		{7344736B-4380-442E-AA8F-A295780302BC}.AppStore|x86.ActiveCfg = AppStore|iPhone
		{7344736B-4380-442E-AA8F-A295780302BC}.AppStore|x86.Build.0 = AppStore|iPhone
		{7344736B-4380-442E-AA8F-A295780302BC}.AppStore|x86.Deploy.0 = AppStore|iPhone
		{7344736B-4380-442E-AA8F-A295780302BC}.Debug|Any CPU.ActiveCfg = Debug|iPhone
		{7344736B-4380-442E-AA8F-A295780302BC}.Debug|Any CPU.Build.0 = Debug|iPhone
		{7344736B-4380-442E-AA8F-A295780302BC}.Debug|Any CPU.Deploy.0 = Debug|iPhone
		{7344736B-4380-442E-AA8F-A295780302BC}.Debug|ARM.ActiveCfg = Debug|iPhoneSimulator
		{7344736B-4380-442E-AA8F-A295780302BC}.Debug|ARM.Build.0 = Debug|iPhoneSimulator
		{7344736B-4380-442E-AA8F-A295780302BC}.Debug|ARM.Deploy.0 = Debug|iPhoneSimulator
		{7344736B-4380-442E-AA8F-A295780302BC}.Debug|iPhone.ActiveCfg = Debug|iPhone
		{7344736B-4380-442E-AA8F-A295780302BC}.Debug|iPhone.Build.0 = Debug|iPhone
		{7344736B-4380-442E-AA8F-A295780302BC}.Debug|iPhone.Deploy.0 = Debug|iPhone
		{7344736B-4380-442E-AA8F-A295780302BC}.Debug|iPhoneSimulator.ActiveCfg = Debug|iPhoneSimulator
		{7344736B-4380-442E-AA8F-A295780302BC}.Debug|iPhoneSimulator.Build.0 = Debug|iPhoneSimulator
		{7344736B-4380-442E-AA8F-A295780302BC}.Debug|iPhoneSimulator.Deploy.0 = Debug|iPhoneSimulator
		{7344736B-4380-442E-AA8F-A295780302BC}.Debug|x64.ActiveCfg = Debug|iPhone
		{7344736B-4380-442E-AA8F-A295780302BC}.Debug|x64.Build.0 = Debug|iPhone
		{7344736B-4380-442E-AA8F-A295780302BC}.Debug|x64.Deploy.0 = Debug|iPhone
		{7344736B-4380-442E-AA8F-A295780302BC}.Debug|x86.ActiveCfg = Debug|iPhone
		{7344736B-4380-442E-AA8F-A295780302BC}.Debug|x86.Build.0 = Debug|iPhone
		{7344736B-4380-442E-AA8F-A295780302BC}.Debug|x86.Deploy.0 = Debug|iPhone
		{7344736B-4380-442E-AA8F-A295780302BC}.Release|Any CPU.ActiveCfg = Release|iPhone
		{7344736B-4380-442E-AA8F-A295780302BC}.Release|Any CPU.Build.0 = Release|iPhone
		{7344736B-4380-442E-AA8F-A295780302BC}.Release|Any CPU.Deploy.0 = Release|iPhone
		{7344736B-4380-442E-AA8F-A295780302BC}.Release|ARM.ActiveCfg = Release|iPhone
		{7344736B-4380-442E-AA8F-A295780302BC}.Release|ARM.Build.0 = Release|iPhone
		{7344736B-4380-442E-AA8F-A295780302BC}.Release|ARM.Deploy.0 = Release|iPhone
		{7344736B-4380-442E-AA8F-A295780302BC}.Release|iPhone.ActiveCfg = Release|iPhone
		{7344736B-4380-442E-AA8F-A295780302BC}.Release|iPhone.Build.0 = Release|iPhone
		{7344736B-4380-442E-AA8F-A295780302BC}.Release|iPhone.Deploy.0 = Release|iPhone
		{7344736B-4380-442E-AA8F-A295780302BC}.Release|iPhoneSimulator.ActiveCfg = Release|iPhoneSimulator
		{7344736B-4380-442E-AA8F-A295780302BC}.Release|iPhoneSimulator.Build.0 = Release|iPhoneSimulator
		{7344736B-4380-442E-AA8F-A295780302BC}.Release|iPhoneSimulator.Deploy.0 = Release|iPhoneSimulator
		{7344736B-4380-442E-AA8F-A295780302BC}.Release|x64.ActiveCfg = Release|iPhone
		{7344736B-4380-442E-AA8F-A295780302BC}.Release|x64.Build.0 = Release|iPhone
		{7344736B-4380-442E-AA8F-A295780302BC}.Release|x64.Deploy.0 = Release|iPhone
		{7344736B-4380-442E-AA8F-A295780302BC}.Release|x86.ActiveCfg = Release|iPhone
		{7344736B-4380-442E-AA8F-A295780302BC}.Release|x86.Build.0 = Release|iPhone
		{7344736B-4380-442E-AA8F-A295780302BC}.Release|x86.Deploy.0 = Release|iPhone
		{FAA72796-1E79-40C5-852B-EA66AC5657DB}.Ad-Hoc|Any CPU.ActiveCfg = Debug|Any CPU
		{FAA72796-1E79-40C5-852B-EA66AC5657DB}.Ad-Hoc|Any CPU.Build.0 = Debug|Any CPU
		{FAA72796-1E79-40C5-852B-EA66AC5657DB}.Ad-Hoc|Any CPU.Deploy.0 = Debug|Any CPU
		{FAA72796-1E79-40C5-852B-EA66AC5657DB}.Ad-Hoc|ARM.ActiveCfg = Debug|Any CPU
		{FAA72796-1E79-40C5-852B-EA66AC5657DB}.Ad-Hoc|ARM.Build.0 = Debug|Any CPU
		{FAA72796-1E79-40C5-852B-EA66AC5657DB}.Ad-Hoc|ARM.Deploy.0 = Debug|Any CPU
		{FAA72796-1E79-40C5-852B-EA66AC5657DB}.Ad-Hoc|iPhone.ActiveCfg = Debug|Any CPU
		{FAA72796-1E79-40C5-852B-EA66AC5657DB}.Ad-Hoc|iPhone.Build.0 = Debug|Any CPU
		{FAA72796-1E79-40C5-852B-EA66AC5657DB}.Ad-Hoc|iPhone.Deploy.0 = Debug|Any CPU
		{FAA72796-1E79-40C5-852B-EA66AC5657DB}.Ad-Hoc|iPhoneSimulator.ActiveCfg = Debug|Any CPU
		{FAA72796-1E79-40C5-852B-EA66AC5657DB}.Ad-Hoc|iPhoneSimulator.Build.0 = Debug|Any CPU
		{FAA72796-1E79-40C5-852B-EA66AC5657DB}.Ad-Hoc|iPhoneSimulator.Deploy.0 = Debug|Any CPU
		{FAA72796-1E79-40C5-852B-EA66AC5657DB}.Ad-Hoc|x64.ActiveCfg = Debug|Any CPU
		{FAA72796-1E79-40C5-852B-EA66AC5657DB}.Ad-Hoc|x64.Build.0 = Debug|Any CPU
		{FAA72796-1E79-40C5-852B-EA66AC5657DB}.Ad-Hoc|x64.Deploy.0 = Debug|Any CPU
		{FAA72796-1E79-40C5-852B-EA66AC5657DB}.Ad-Hoc|x86.ActiveCfg = Debug|Any CPU
		{FAA72796-1E79-40C5-852B-EA66AC5657DB}.Ad-Hoc|x86.Build.0 = Debug|Any CPU
		{FAA72796-1E79-40C5-852B-EA66AC5657DB}.Ad-Hoc|x86.Deploy.0 = Debug|Any CPU
		{FAA72796-1E79-40C5-852B-EA66AC5657DB}.AppStore|Any CPU.ActiveCfg = Debug|Any CPU
		{FAA72796-1E79-40C5-852B-EA66AC5657DB}.AppStore|Any CPU.Build.0 = Debug|Any CPU
		{FAA72796-1E79-40C5-852B-EA66AC5657DB}.AppStore|Any CPU.Deploy.0 = Debug|Any CPU
		{FAA72796-1E79-40C5-852B-EA66AC5657DB}.AppStore|ARM.ActiveCfg = Debug|Any CPU
		{FAA72796-1E79-40C5-852B-EA66AC5657DB}.AppStore|ARM.Build.0 = Debug|Any CPU
		{FAA72796-1E79-40C5-852B-EA66AC5657DB}.AppStore|ARM.Deploy.0 = Debug|Any CPU
		{FAA72796-1E79-40C5-852B-EA66AC5657DB}.AppStore|iPhone.ActiveCfg = Debug|Any CPU
		{FAA72796-1E79-40C5-852B-EA66AC5657DB}.AppStore|iPhone.Build.0 = Debug|Any CPU
		{FAA72796-1E79-40C5-852B-EA66AC5657DB}.AppStore|iPhone.Deploy.0 = Debug|Any CPU
		{FAA72796-1E79-40C5-852B-EA66AC5657DB}.AppStore|iPhoneSimulator.ActiveCfg = Debug|Any CPU
		{FAA72796-1E79-40C5-852B-EA66AC5657DB}.AppStore|iPhoneSimulator.Build.0 = Debug|Any CPU
		{FAA72796-1E79-40C5-852B-EA66AC5657DB}.AppStore|iPhoneSimulator.Deploy.0 = Debug|Any CPU
		{FAA72796-1E79-40C5-852B-EA66AC5657DB}.AppStore|x64.ActiveCfg = Debug|Any CPU
		{FAA72796-1E79-40C5-852B-EA66AC5657DB}.AppStore|x64.Build.0 = Debug|Any CPU
		{FAA72796-1E79-40C5-852B-EA66AC5657DB}.AppStore|x64.Deploy.0 = Debug|Any CPU
		{FAA72796-1E79-40C5-852B-EA66AC5657DB}.AppStore|x86.ActiveCfg = Debug|Any CPU
		{FAA72796-1E79-40C5-852B-EA66AC5657DB}.AppStore|x86.Build.0 = Debug|Any CPU
		{FAA72796-1E79-40C5-852B-EA66AC5657DB}.AppStore|x86.Deploy.0 = Debug|Any CPU
		{FAA72796-1E79-40C5-852B-EA66AC5657DB}.Debug|Any CPU.ActiveCfg = Debug|Any CPU
		{FAA72796-1E79-40C5-852B-EA66AC5657DB}.Debug|Any CPU.Build.0 = Debug|Any CPU
		{FAA72796-1E79-40C5-852B-EA66AC5657DB}.Debug|Any CPU.Deploy.0 = Debug|Any CPU
		{FAA72796-1E79-40C5-852B-EA66AC5657DB}.Debug|ARM.ActiveCfg = Debug|Any CPU
		{FAA72796-1E79-40C5-852B-EA66AC5657DB}.Debug|ARM.Build.0 = Debug|Any CPU
		{FAA72796-1E79-40C5-852B-EA66AC5657DB}.Debug|ARM.Deploy.0 = Debug|Any CPU
		{FAA72796-1E79-40C5-852B-EA66AC5657DB}.Debug|iPhone.ActiveCfg = Debug|Any CPU
		{FAA72796-1E79-40C5-852B-EA66AC5657DB}.Debug|iPhone.Build.0 = Debug|Any CPU
		{FAA72796-1E79-40C5-852B-EA66AC5657DB}.Debug|iPhone.Deploy.0 = Debug|Any CPU
		{FAA72796-1E79-40C5-852B-EA66AC5657DB}.Debug|iPhoneSimulator.ActiveCfg = Debug|Any CPU
		{FAA72796-1E79-40C5-852B-EA66AC5657DB}.Debug|iPhoneSimulator.Build.0 = Debug|Any CPU
		{FAA72796-1E79-40C5-852B-EA66AC5657DB}.Debug|iPhoneSimulator.Deploy.0 = Debug|Any CPU
		{FAA72796-1E79-40C5-852B-EA66AC5657DB}.Debug|x64.ActiveCfg = Debug|Any CPU
		{FAA72796-1E79-40C5-852B-EA66AC5657DB}.Debug|x64.Build.0 = Debug|Any CPU
		{FAA72796-1E79-40C5-852B-EA66AC5657DB}.Debug|x64.Deploy.0 = Debug|Any CPU
		{FAA72796-1E79-40C5-852B-EA66AC5657DB}.Debug|x86.ActiveCfg = Debug|Any CPU
		{FAA72796-1E79-40C5-852B-EA66AC5657DB}.Debug|x86.Build.0 = Debug|Any CPU
		{FAA72796-1E79-40C5-852B-EA66AC5657DB}.Debug|x86.Deploy.0 = Debug|Any CPU
		{FAA72796-1E79-40C5-852B-EA66AC5657DB}.Release|Any CPU.ActiveCfg = Release|Any CPU
		{FAA72796-1E79-40C5-852B-EA66AC5657DB}.Release|Any CPU.Build.0 = Release|Any CPU
		{FAA72796-1E79-40C5-852B-EA66AC5657DB}.Release|Any CPU.Deploy.0 = Release|Any CPU
		{FAA72796-1E79-40C5-852B-EA66AC5657DB}.Release|ARM.ActiveCfg = Release|Any CPU
		{FAA72796-1E79-40C5-852B-EA66AC5657DB}.Release|ARM.Build.0 = Release|Any CPU
		{FAA72796-1E79-40C5-852B-EA66AC5657DB}.Release|ARM.Deploy.0 = Release|Any CPU
		{FAA72796-1E79-40C5-852B-EA66AC5657DB}.Release|iPhone.ActiveCfg = Release|Any CPU
		{FAA72796-1E79-40C5-852B-EA66AC5657DB}.Release|iPhone.Build.0 = Release|Any CPU
		{FAA72796-1E79-40C5-852B-EA66AC5657DB}.Release|iPhone.Deploy.0 = Release|Any CPU
		{FAA72796-1E79-40C5-852B-EA66AC5657DB}.Release|iPhoneSimulator.ActiveCfg = Release|Any CPU
		{FAA72796-1E79-40C5-852B-EA66AC5657DB}.Release|iPhoneSimulator.Build.0 = Release|Any CPU
		{FAA72796-1E79-40C5-852B-EA66AC5657DB}.Release|iPhoneSimulator.Deploy.0 = Release|Any CPU
		{FAA72796-1E79-40C5-852B-EA66AC5657DB}.Release|x64.ActiveCfg = Release|Any CPU
		{FAA72796-1E79-40C5-852B-EA66AC5657DB}.Release|x64.Build.0 = Release|Any CPU
		{FAA72796-1E79-40C5-852B-EA66AC5657DB}.Release|x64.Deploy.0 = Release|Any CPU
		{FAA72796-1E79-40C5-852B-EA66AC5657DB}.Release|x86.ActiveCfg = Release|Any CPU
		{FAA72796-1E79-40C5-852B-EA66AC5657DB}.Release|x86.Build.0 = Release|Any CPU
		{FAA72796-1E79-40C5-852B-EA66AC5657DB}.Release|x86.Deploy.0 = Release|Any CPU
	EndGlobalSection
	GlobalSection(SolutionProperties) = preSolution
		HideSolutionNode = FALSE
	EndGlobalSection
	GlobalSection(ExtensibilityGlobals) = postSolution
		SolutionGuid = {8C3FAF38-0ECA-4524-A568-7FB9DCBBC57E}
	EndGlobalSection
EndGlobal
